
Microsoft Visual Studio Solution File, Format Version 12.00
# Visual Studio 15
VisualStudioVersion = 15.0.26124.0
MinimumVisualStudioVersion = 15.0.26124.0
Project("{FAE04EC0-301F-11D3-BF4B-00C04F79EFBC}") = "Domain", "Domain\Domain.csproj", "{58CCD449-03FC-407A-B4FF-FFF4BC2BAB04}"
EndProject
Project("{FAE04EC0-301F-11D3-BF4B-00C04F79EFBC}") = "Application", "Application\Application.csproj", "{823BA25F-06D7-451F-ABA4-976ACCA78524}"
EndProject
Project("{FAE04EC0-301F-11D3-BF4B-00C04F79EFBC}") = "Persistence", "Persistence\Persistence.csproj", "{D24C2985-F171-477B-86B9-9DE333477CD0}"
EndProject
Project("{FAE04EC0-301F-11D3-BF4B-00C04F79EFBC}") = "API", "API\API.csproj", "{9944EAF6-41BE-471E-BAC6-94A11897167B}"
EndProject
Global
	GlobalSection(SolutionConfigurationPlatforms) = preSolution
		Debug|Any CPU = Debug|Any CPU
		Debug|x64 = Debug|x64
		Debug|x86 = Debug|x86
		Release|Any CPU = Release|Any CPU
		Release|x64 = Release|x64
		Release|x86 = Release|x86
	EndGlobalSection
	GlobalSection(SolutionProperties) = preSolution
		HideSolutionNode = FALSE
	EndGlobalSection
	GlobalSection(ProjectConfigurationPlatforms) = postSolution
		{58CCD449-03FC-407A-B4FF-FFF4BC2BAB04}.Debug|Any CPU.ActiveCfg = Debug|Any CPU
		{58CCD449-03FC-407A-B4FF-FFF4BC2BAB04}.Debug|Any CPU.Build.0 = Debug|Any CPU
		{58CCD449-03FC-407A-B4FF-FFF4BC2BAB04}.Debug|x64.ActiveCfg = Debug|Any CPU
		{58CCD449-03FC-407A-B4FF-FFF4BC2BAB04}.Debug|x64.Build.0 = Debug|Any CPU
		{58CCD449-03FC-407A-B4FF-FFF4BC2BAB04}.Debug|x86.ActiveCfg = Debug|Any CPU
		{58CCD449-03FC-407A-B4FF-FFF4BC2BAB04}.Debug|x86.Build.0 = Debug|Any CPU
		{58CCD449-03FC-407A-B4FF-FFF4BC2BAB04}.Release|Any CPU.ActiveCfg = Release|Any CPU
		{58CCD449-03FC-407A-B4FF-FFF4BC2BAB04}.Release|Any CPU.Build.0 = Release|Any CPU
		{58CCD449-03FC-407A-B4FF-FFF4BC2BAB04}.Release|x64.ActiveCfg = Release|Any CPU
		{58CCD449-03FC-407A-B4FF-FFF4BC2BAB04}.Release|x64.Build.0 = Release|Any CPU
		{58CCD449-03FC-407A-B4FF-FFF4BC2BAB04}.Release|x86.ActiveCfg = Release|Any CPU
		{58CCD449-03FC-407A-B4FF-FFF4BC2BAB04}.Release|x86.Build.0 = Release|Any CPU
		{823BA25F-06D7-451F-ABA4-976ACCA78524}.Debug|Any CPU.ActiveCfg = Debug|Any CPU
		{823BA25F-06D7-451F-ABA4-976ACCA78524}.Debug|Any CPU.Build.0 = Debug|Any CPU
		{823BA25F-06D7-451F-ABA4-976ACCA78524}.Debug|x64.ActiveCfg = Debug|Any CPU
		{823BA25F-06D7-451F-ABA4-976ACCA78524}.Debug|x64.Build.0 = Debug|Any CPU
		{823BA25F-06D7-451F-ABA4-976ACCA78524}.Debug|x86.ActiveCfg = Debug|Any CPU
		{823BA25F-06D7-451F-ABA4-976ACCA78524}.Debug|x86.Build.0 = Debug|Any CPU
		{823BA25F-06D7-451F-ABA4-976ACCA78524}.Release|Any CPU.ActiveCfg = Release|Any CPU
		{823BA25F-06D7-451F-ABA4-976ACCA78524}.Release|Any CPU.Build.0 = Release|Any CPU
		{823BA25F-06D7-451F-ABA4-976ACCA78524}.Release|x64.ActiveCfg = Release|Any CPU
		{823BA25F-06D7-451F-ABA4-976ACCA78524}.Release|x64.Build.0 = Release|Any CPU
		{823BA25F-06D7-451F-ABA4-976ACCA78524}.Release|x86.ActiveCfg = Release|Any CPU
		{823BA25F-06D7-451F-ABA4-976ACCA78524}.Release|x86.Build.0 = Release|Any CPU
		{D24C2985-F171-477B-86B9-9DE333477CD0}.Debug|Any CPU.ActiveCfg = Debug|Any CPU
		{D24C2985-F171-477B-86B9-9DE333477CD0}.Debug|Any CPU.Build.0 = Debug|Any CPU
		{D24C2985-F171-477B-86B9-9DE333477CD0}.Debug|x64.ActiveCfg = Debug|Any CPU
		{D24C2985-F171-477B-86B9-9DE333477CD0}.Debug|x64.Build.0 = Debug|Any CPU
		{D24C2985-F171-477B-86B9-9DE333477CD0}.Debug|x86.ActiveCfg = Debug|Any CPU
		{D24C2985-F171-477B-86B9-9DE333477CD0}.Debug|x86.Build.0 = Debug|Any CPU
		{D24C2985-F171-477B-86B9-9DE333477CD0}.Release|Any CPU.ActiveCfg = Release|Any CPU
		{D24C2985-F171-477B-86B9-9DE333477CD0}.Release|Any CPU.Build.0 = Release|Any CPU
		{D24C2985-F171-477B-86B9-9DE333477CD0}.Release|x64.ActiveCfg = Release|Any CPU
		{D24C2985-F171-477B-86B9-9DE333477CD0}.Release|x64.Build.0 = Release|Any CPU
		{D24C2985-F171-477B-86B9-9DE333477CD0}.Release|x86.ActiveCfg = Release|Any CPU
		{D24C2985-F171-477B-86B9-9DE333477CD0}.Release|x86.Build.0 = Release|Any CPU
		{9944EAF6-41BE-471E-BAC6-94A11897167B}.Debug|Any CPU.ActiveCfg = Debug|Any CPU
		{9944EAF6-41BE-471E-BAC6-94A11897167B}.Debug|Any CPU.Build.0 = Debug|Any CPU
		{9944EAF6-41BE-471E-BAC6-94A11897167B}.Debug|x64.ActiveCfg = Debug|Any CPU
		{9944EAF6-41BE-471E-BAC6-94A11897167B}.Debug|x64.Build.0 = Debug|Any CPU
		{9944EAF6-41BE-471E-BAC6-94A11897167B}.Debug|x86.ActiveCfg = Debug|Any CPU
		{9944EAF6-41BE-471E-BAC6-94A11897167B}.Debug|x86.Build.0 = Debug|Any CPU
		{9944EAF6-41BE-471E-BAC6-94A11897167B}.Release|Any CPU.ActiveCfg = Release|Any CPU
		{9944EAF6-41BE-471E-BAC6-94A11897167B}.Release|Any CPU.Build.0 = Release|Any CPU
		{9944EAF6-41BE-471E-BAC6-94A11897167B}.Release|x64.ActiveCfg = Release|Any CPU
		{9944EAF6-41BE-471E-BAC6-94A11897167B}.Release|x64.Build.0 = Release|Any CPU
		{9944EAF6-41BE-471E-BAC6-94A11897167B}.Release|x86.ActiveCfg = Release|Any CPU
		{9944EAF6-41BE-471E-BAC6-94A11897167B}.Release|x86.Build.0 = Release|Any CPU
	EndGlobalSection
EndGlobal
